
Microsoft Visual Studio Solution File, Format Version 12.00
# Visual Studio Version 16
VisualStudioVersion = 16.0.29306.81
MinimumVisualStudioVersion = 10.0.40219.1
Project("{FAE04EC0-301F-11D3-BF4B-00C04F79EFBC}") = "ThomasDemoProject01", "ThomasDemoProject01\ThomasDemoProject01.csproj", "{66C5DCBF-28B9-41DC-A044-08BCB33F2CD8}"
EndProject
Project("{2150E333-8FDC-42A3-9474-1A3956D46DE8}") = "helm", "helm", "{AB01721A-83D7-4EC3-800E-425C4B043E7D}"
	ProjectSection(SolutionItems) = preProject
		helm\todo.txt = helm\todo.txt
	EndProjectSection
EndProject
Project("{2150E333-8FDC-42A3-9474-1A3956D46DE8}") = "terraform", "terraform", "{E900FA29-F754-42A8-B90A-98D6DB8518C9}"
	ProjectSection(SolutionItems) = preProject
		terraform\todo.txt = terraform\todo.txt
	EndProjectSection
EndProject
Global
	GlobalSection(SolutionConfigurationPlatforms) = preSolution
		Debug|Any CPU = Debug|Any CPU
		Release|Any CPU = Release|Any CPU
	EndGlobalSection
	GlobalSection(ProjectConfigurationPlatforms) = postSolution
		{66C5DCBF-28B9-41DC-A044-08BCB33F2CD8}.Debug|Any CPU.ActiveCfg = Debug|Any CPU
		{66C5DCBF-28B9-41DC-A044-08BCB33F2CD8}.Debug|Any CPU.Build.0 = Debug|Any CPU
		{66C5DCBF-28B9-41DC-A044-08BCB33F2CD8}.Release|Any CPU.ActiveCfg = Release|Any CPU
		{66C5DCBF-28B9-41DC-A044-08BCB33F2CD8}.Release|Any CPU.Build.0 = Release|Any CPU
	EndGlobalSection
	GlobalSection(SolutionProperties) = preSolution
		HideSolutionNode = FALSE
	EndGlobalSection
	GlobalSection(ExtensibilityGlobals) = postSolution
		SolutionGuid = {79035A13-EC2C-4075-9B29-8D61A34ECEF5}
	EndGlobalSection
EndGlobal
